// !$*UTF8*$!
{
	archiveVersion = 1;
	classes = {
	};
	objectVersion = 46;
	objects = {

/* Begin PBXBuildFile section */
		60E07A411CEFF74100CF9769 /* AppDelegate.swift in Sources */ = {isa = PBXBuildFile; fileRef = 60E07A401CEFF74100CF9769 /* AppDelegate.swift */; };
		60E07A431CEFF74100CF9769 /* ViewController.swift in Sources */ = {isa = PBXBuildFile; fileRef = 60E07A421CEFF74100CF9769 /* ViewController.swift */; };
		60E07A461CEFF74100CF9769 /* Main.storyboard in Resources */ = {isa = PBXBuildFile; fileRef = 60E07A441CEFF74100CF9769 /* Main.storyboard */; };
		60E07A481CEFF74100CF9769 /* Assets.xcassets in Resources */ = {isa = PBXBuildFile; fileRef = 60E07A471CEFF74100CF9769 /* Assets.xcassets */; };
		60E07A4B1CEFF74100CF9769 /* LaunchScreen.storyboard in Resources */ = {isa = PBXBuildFile; fileRef = 60E07A491CEFF74100CF9769 /* LaunchScreen.storyboard */; };
		60E07A561CEFF74100CF9769 /* SMGWBTests.swift in Sources */ = {isa = PBXBuildFile; fileRef = 60E07A551CEFF74100CF9769 /* SMGWBTests.swift */; };
		60E07A611CEFF74100CF9769 /* SMGWBUITests.swift in Sources */ = {isa = PBXBuildFile; fileRef = 60E07A601CEFF74100CF9769 /* SMGWBUITests.swift */; };
/* End PBXBuildFile section */

/* Begin PBXContainerItemProxy section */
		60E07A521CEFF74100CF9769 /* PBXContainerItemProxy */ = {
			isa = PBXContainerItemProxy;
			containerPortal = 60E07A351CEFF74100CF9769 /* Project object */;
			proxyType = 1;
			remoteGlobalIDString = 60E07A3C1CEFF74100CF9769;
			remoteInfo = SMGWB;
		};
		60E07A5D1CEFF74100CF9769 /* PBXContainerItemProxy */ = {
			isa = PBXContainerItemProxy;
			containerPortal = 60E07A351CEFF74100CF9769 /* Project object */;
			proxyType = 1;
			remoteGlobalIDString = 60E07A3C1CEFF74100CF9769;
			remoteInfo = SMGWB;
		};
/* End PBXContainerItemProxy section */

/* Begin PBXFileReference section */
		60E07A3D1CEFF74100CF9769 /* SMGWB.app */ = {isa = PBXFileReference; explicitFileType = wrapper.application; includeInIndex = 0; path = SMGWB.app; sourceTree = BUILT_PRODUCTS_DIR; };
		60E07A401CEFF74100CF9769 /* AppDelegate.swift */ = {isa = PBXFileReference; lastKnownFileType = sourcecode.swift; path = AppDelegate.swift; sourceTree = "<group>"; };
		60E07A421CEFF74100CF9769 /* ViewController.swift */ = {isa = PBXFileReference; lastKnownFileType = sourcecode.swift; path = ViewController.swift; sourceTree = "<group>"; };
		60E07A451CEFF74100CF9769 /* Base */ = {isa = PBXFileReference; lastKnownFileType = file.storyboard; name = Base; path = Base.lproj/Main.storyboard; sourceTree = "<group>"; };
		60E07A471CEFF74100CF9769 /* Assets.xcassets */ = {isa = PBXFileReference; lastKnownFileType = folder.assetcatalog; path = Assets.xcassets; sourceTree = "<group>"; };
		60E07A4A1CEFF74100CF9769 /* Base */ = {isa = PBXFileReference; lastKnownFileType = file.storyboard; name = Base; path = Base.lproj/LaunchScreen.storyboard; sourceTree = "<group>"; };
		60E07A4C1CEFF74100CF9769 /* Info.plist */ = {isa = PBXFileReference; lastKnownFileType = text.plist.xml; path = Info.plist; sourceTree = "<group>"; };
		60E07A511CEFF74100CF9769 /* SMGWBTests.xctest */ = {isa = PBXFileReference; explicitFileType = wrapper.cfbundle; includeInIndex = 0; path = SMGWBTests.xctest; sourceTree = BUILT_PRODUCTS_DIR; };
		60E07A551CEFF74100CF9769 /* SMGWBTests.swift */ = {isa = PBXFileReference; lastKnownFileType = sourcecode.swift; path = SMGWBTests.swift; sourceTree = "<group>"; };
		60E07A571CEFF74100CF9769 /* Info.plist */ = {isa = PBXFileReference; lastKnownFileType = text.plist.xml; path = Info.plist; sourceTree = "<group>"; };
		60E07A5C1CEFF74100CF9769 /* SMGWBUITests.xctest */ = {isa = PBXFileReference; explicitFileType = wrapper.cfbundle; includeInIndex = 0; path = SMGWBUITests.xctest; sourceTree = BUILT_PRODUCTS_DIR; };
		60E07A601CEFF74100CF9769 /* SMGWBUITests.swift */ = {isa = PBXFileReference; lastKnownFileType = sourcecode.swift; path = SMGWBUITests.swift; sourceTree = "<group>"; };
		60E07A621CEFF74100CF9769 /* Info.plist */ = {isa = PBXFileReference; lastKnownFileType = text.plist.xml; path = Info.plist; sourceTree = "<group>"; };
/* End PBXFileReference section */

/* Begin PBXFrameworksBuildPhase section */
		60E07A3A1CEFF74100CF9769 /* Frameworks */ = {
			isa = PBXFrameworksBuildPhase;
			buildActionMask = 2147483647;
			files = (
			);
			runOnlyForDeploymentPostprocessing = 0;
		};
		60E07A4E1CEFF74100CF9769 /* Frameworks */ = {
			isa = PBXFrameworksBuildPhase;
			buildActionMask = 2147483647;
			files = (
			);
			runOnlyForDeploymentPostprocessing = 0;
		};
		60E07A591CEFF74100CF9769 /* Frameworks */ = {
			isa = PBXFrameworksBuildPhase;
			buildActionMask = 2147483647;
			files = (
			);
			runOnlyForDeploymentPostprocessing = 0;
		};
/* End PBXFrameworksBuildPhase section */

/* Begin PBXGroup section */
		60E07A341CEFF74100CF9769 = {
			isa = PBXGroup;
			children = (
				60E07A3F1CEFF74100CF9769 /* SMGWB */,
				60E07A541CEFF74100CF9769 /* SMGWBTests */,
				60E07A5F1CEFF74100CF9769 /* SMGWBUITests */,
				60E07A3E1CEFF74100CF9769 /* Products */,
			);
			sourceTree = "<group>";
		};
		60E07A3E1CEFF74100CF9769 /* Products */ = {
			isa = PBXGroup;
			children = (
				60E07A3D1CEFF74100CF9769 /* SMGWB.app */,
				60E07A511CEFF74100CF9769 /* SMGWBTests.xctest */,
				60E07A5C1CEFF74100CF9769 /* SMGWBUITests.xctest */,
			);
			name = Products;
			sourceTree = "<group>";
		};
		60E07A3F1CEFF74100CF9769 /* SMGWB */ = {
			isa = PBXGroup;
			children = (
				60E07A401CEFF74100CF9769 /* AppDelegate.swift */,
				60E07A421CEFF74100CF9769 /* ViewController.swift */,
				60E07A441CEFF74100CF9769 /* Main.storyboard */,
				60E07A471CEFF74100CF9769 /* Assets.xcassets */,
				60E07A491CEFF74100CF9769 /* LaunchScreen.storyboard */,
				60E07A4C1CEFF74100CF9769 /* Info.plist */,
			);
			path = SMGWB;
			sourceTree = "<group>";
		};
		60E07A541CEFF74100CF9769 /* SMGWBTests */ = {
			isa = PBXGroup;
			children = (
				60E07A551CEFF74100CF9769 /* SMGWBTests.swift */,
				60E07A571CEFF74100CF9769 /* Info.plist */,
			);
			path = SMGWBTests;
			sourceTree = "<group>";
		};
		60E07A5F1CEFF74100CF9769 /* SMGWBUITests */ = {
			isa = PBXGroup;
			children = (
				60E07A601CEFF74100CF9769 /* SMGWBUITests.swift */,
				60E07A621CEFF74100CF9769 /* Info.plist */,
			);
			path = SMGWBUITests;
			sourceTree = "<group>";
		};
/* End PBXGroup section */

/* Begin PBXNativeTarget section */
		60E07A3C1CEFF74100CF9769 /* SMGWB */ = {
			isa = PBXNativeTarget;
			buildConfigurationList = 60E07A651CEFF74100CF9769 /* Build configuration list for PBXNativeTarget "SMGWB" */;
			buildPhases = (
				60E07A391CEFF74100CF9769 /* Sources */,
				60E07A3A1CEFF74100CF9769 /* Frameworks */,
				60E07A3B1CEFF74100CF9769 /* Resources */,
			);
			buildRules = (
			);
			dependencies = (
			);
			name = SMGWB;
			productName = SMGWB;
			productReference = 60E07A3D1CEFF74100CF9769 /* SMGWB.app */;
			productType = "com.apple.product-type.application";
		};
		60E07A501CEFF74100CF9769 /* SMGWBTests */ = {
			isa = PBXNativeTarget;
			buildConfigurationList = 60E07A681CEFF74100CF9769 /* Build configuration list for PBXNativeTarget "SMGWBTests" */;
			buildPhases = (
				60E07A4D1CEFF74100CF9769 /* Sources */,
				60E07A4E1CEFF74100CF9769 /* Frameworks */,
				60E07A4F1CEFF74100CF9769 /* Resources */,
			);
			buildRules = (
			);
			dependencies = (
				60E07A531CEFF74100CF9769 /* PBXTargetDependency */,
			);
			name = SMGWBTests;
			productName = SMGWBTests;
			productReference = 60E07A511CEFF74100CF9769 /* SMGWBTests.xctest */;
			productType = "com.apple.product-type.bundle.unit-test";
		};
		60E07A5B1CEFF74100CF9769 /* SMGWBUITests */ = {
			isa = PBXNativeTarget;
			buildConfigurationList = 60E07A6B1CEFF74100CF9769 /* Build configuration list for PBXNativeTarget "SMGWBUITests" */;
			buildPhases = (
				60E07A581CEFF74100CF9769 /* Sources */,
				60E07A591CEFF74100CF9769 /* Frameworks */,
				60E07A5A1CEFF74100CF9769 /* Resources */,
			);
			buildRules = (
			);
			dependencies = (
				60E07A5E1CEFF74100CF9769 /* PBXTargetDependency */,
			);
			name = SMGWBUITests;
			productName = SMGWBUITests;
			productReference = 60E07A5C1CEFF74100CF9769 /* SMGWBUITests.xctest */;
			productType = "com.apple.product-type.bundle.ui-testing";
		};
/* End PBXNativeTarget section */

/* Begin PBXProject section */
		60E07A351CEFF74100CF9769 /* Project object */ = {
			isa = PBXProject;
			attributes = {
				LastSwiftUpdateCheck = 0720;
				LastUpgradeCheck = 0720;
				ORGANIZATIONNAME = geduo;
				TargetAttributes = {
					60E07A3C1CEFF74100CF9769 = {
						CreatedOnToolsVersion = 7.2.1;
					};
					60E07A501CEFF74100CF9769 = {
						CreatedOnToolsVersion = 7.2.1;
						TestTargetID = 60E07A3C1CEFF74100CF9769;
					};
					60E07A5B1CEFF74100CF9769 = {
						CreatedOnToolsVersion = 7.2.1;
						TestTargetID = 60E07A3C1CEFF74100CF9769;
					};
				};
			};
			buildConfigurationList = 60E07A381CEFF74100CF9769 /* Build configuration list for PBXProject "SMGWB" */;
			compatibilityVersion = "Xcode 3.2";
			developmentRegion = English;
			hasScannedForEncodings = 0;
			knownRegions = (
				en,
				Base,
			);
			mainGroup = 60E07A341CEFF74100CF9769;
			productRefGroup = 60E07A3E1CEFF74100CF9769 /* Products */;
			projectDirPath = "";
			projectRoot = "";
			targets = (
				60E07A3C1CEFF74100CF9769 /* SMGWB */,
				60E07A501CEFF74100CF9769 /* SMGWBTests */,
				60E07A5B1CEFF74100CF9769 /* SMGWBUITests */,
			);
		};
/* End PBXProject section */

/* Begin PBXResourcesBuildPhase section */
		60E07A3B1CEFF74100CF9769 /* Resources */ = {
			isa = PBXResourcesBuildPhase;
			buildActionMask = 2147483647;
			files = (
				60E07A4B1CEFF74100CF9769 /* LaunchScreen.storyboard in Resources */,
				60E07A481CEFF74100CF9769 /* Assets.xcassets in Resources */,
				60E07A461CEFF74100CF9769 /* Main.storyboard in Resources */,
			);
			runOnlyForDeploymentPostprocessing = 0;
		};
		60E07A4F1CEFF74100CF9769 /* Resources */ = {
			isa = PBXResourcesBuildPhase;
			buildActionMask = 2147483647;
			files = (
			);
			runOnlyForDeploymentPostprocessing = 0;
		};
		60E07A5A1CEFF74100CF9769 /* Resources */ = {
			isa = PBXResourcesBuildPhase;
			buildActionMask = 2147483647;
			files = (
			);
			runOnlyForDeploymentPostprocessing = 0;
		};
/* End PBXResourcesBuildPhase section */

/* Begin PBXSourcesBuildPhase section */
		60E07A391CEFF74100CF9769 /* Sources */ = {
			isa = PBXSourcesBuildPhase;
			buildActionMask = 2147483647;
			files = (
				60E07A431CEFF74100CF9769 /* ViewController.swift in Sources */,
				60E07A411CEFF74100CF9769 /* AppDelegate.swift in Sources */,
			);
			runOnlyForDeploymentPostprocessing = 0;
		};
		60E07A4D1CEFF74100CF9769 /* Sources */ = {
			isa = PBXSourcesBuildPhase;
			buildActionMask = 2147483647;
			files = (
				60E07A561CEFF74100CF9769 /* SMGWBTests.swift in Sources */,
			);
			runOnlyForDeploymentPostprocessing = 0;
		};
		60E07A581CEFF74100CF9769 /* Sources */ = {
			isa = PBXSourcesBuildPhase;
			buildActionMask = 2147483647;
			files = (
				60E07A611CEFF74100CF9769 /* SMGWBUITests.swift in Sources */,
			);
			runOnlyForDeploymentPostprocessing = 0;
		};
/* End PBXSourcesBuildPhase section */

/* Begin PBXTargetDependency section */
		60E07A531CEFF74100CF9769 /* PBXTargetDependency */ = {
			isa = PBXTargetDependency;
			target = 60E07A3C1CEFF74100CF9769 /* SMGWB */;
			targetProxy = 60E07A521CEFF74100CF9769 /* PBXContainerItemProxy */;
		};
		60E07A5E1CEFF74100CF9769 /* PBXTargetDependency */ = {
			isa = PBXTargetDependency;
			target = 60E07A3C1CEFF74100CF9769 /* SMGWB */;
			targetProxy = 60E07A5D1CEFF74100CF9769 /* PBXContainerItemProxy */;
		};
/* End PBXTargetDependency section */

/* Begin PBXVariantGroup section */
		60E07A441CEFF74100CF9769 /* Main.storyboard */ = {
			isa = PBXVariantGroup;
			children = (
				60E07A451CEFF74100CF9769 /* Base */,
			);
			name = Main.storyboard;
			sourceTree = "<group>";
		};
		60E07A491CEFF74100CF9769 /* LaunchScreen.storyboard */ = {
			isa = PBXVariantGroup;
			children = (
				60E07A4A1CEFF74100CF9769 /* Base */,
			);
			name = LaunchScreen.storyboard;
			sourceTree = "<group>";
		};
/* End PBXVariantGroup section */

/* Begin XCBuildConfiguration section */
		60E07A631CEFF74100CF9769 /* Debug */ = {
			isa = XCBuildConfiguration;
			buildSettings = {
				ALWAYS_SEARCH_USER_PATHS = NO;
				CLANG_CXX_LANGUAGE_STANDARD = "gnu++0x";
				CLANG_CXX_LIBRARY = "libc++";
				CLANG_ENABLE_MODULES = YES;
				CLANG_ENABLE_OBJC_ARC = YES;
				CLANG_WARN_BOOL_CONVERSION = YES;
				CLANG_WARN_CONSTANT_CONVERSION = YES;
				CLANG_WARN_DIRECT_OBJC_ISA_USAGE = YES_ERROR;
				CLANG_WARN_EMPTY_BODY = YES;
				CLANG_WARN_ENUM_CONVERSION = YES;
				CLANG_WARN_INT_CONVERSION = YES;
				CLANG_WARN_OBJC_ROOT_CLASS = YES_ERROR;
				CLANG_WARN_UNREACHABLE_CODE = YES;
				CLANG_WARN__DUPLICATE_METHOD_MATCH = YES;
				"CODE_SIGN_IDENTITY[sdk=iphoneos*]" = "iPhone Developer";
				COPY_PHASE_STRIP = NO;
				DEBUG_INFORMATION_FORMAT = dwarf;
				ENABLE_STRICT_OBJC_MSGSEND = YES;
				ENABLE_TESTABILITY = YES;
				GCC_C_LANGUAGE_STANDARD = gnu99;
				GCC_DYNAMIC_NO_PIC = NO;
				GCC_NO_COMMON_BLOCKS = YES;
				GCC_OPTIMIZATION_LEVEL = 0;
				GCC_PREPROCESSOR_DEFINITIONS = (
					"DEBUG=1",
					"$(inherited)",
				);
				GCC_WARN_64_TO_32_BIT_CONVERSION = YES;
				GCC_WARN_ABOUT_RETURN_TYPE = YES_ERROR;
				GCC_WARN_UNDECLARED_SELECTOR = YES;
				GCC_WARN_UNINITIALIZED_AUTOS = YES_AGGRESSIVE;
				GCC_WARN_UNUSED_FUNCTION = YES;
				GCC_WARN_UNUSED_VARIABLE = YES;
				IPHONEOS_DEPLOYMENT_TARGET = 9.2;
				MTL_ENABLE_DEBUG_INFO = YES;
				ONLY_ACTIVE_ARCH = YES;
				SDKROOT = iphoneos;
				SWIFT_OPTIMIZATION_LEVEL = "-Onone";
			};
			name = Debug;
		};
		60E07A641CEFF74100CF9769 /* Release */ = {
			isa = XCBuildConfiguration;
			buildSettings = {
				ALWAYS_SEARCH_USER_PATHS = NO;
				CLANG_CXX_LANGUAGE_STANDARD = "gnu++0x";
				CLANG_CXX_LIBRARY = "libc++";
				CLANG_ENABLE_MODULES = YES;
				CLANG_ENABLE_OBJC_ARC = YES;
				CLANG_WARN_BOOL_CONVERSION = YES;
				CLANG_WARN_CONSTANT_CONVERSION = YES;
				CLANG_WARN_DIRECT_OBJC_ISA_USAGE = YES_ERROR;
				CLANG_WARN_EMPTY_BODY = YES;
				CLANG_WARN_ENUM_CONVERSION = YES;
				CLANG_WARN_INT_CONVERSION = YES;
				CLANG_WARN_OBJC_ROOT_CLASS = YES_ERROR;
				CLANG_WARN_UNREACHABLE_CODE = YES;
				CLANG_WARN__DUPLICATE_METHOD_MATCH = YES;
				"CODE_SIGN_IDENTITY[sdk=iphoneos*]" = "iPhone Developer";
				COPY_PHASE_STRIP = NO;
				DEBUG_INFORMATION_FORMAT = "dwarf-with-dsym";
				ENABLE_NS_ASSERTIONS = NO;
				ENABLE_STRICT_OBJC_MSGSEND = YES;
				GCC_C_LANGUAGE_STANDARD = gnu99;
				GCC_NO_COMMON_BLOCKS = YES;
				GCC_WARN_64_TO_32_BIT_CONVERSION = YES;
				GCC_WARN_ABOUT_RETURN_TYPE = YES_ERROR;
				GCC_WARN_UNDECLARED_SELECTOR = YES;
				GCC_WARN_UNINITIALIZED_AUTOS = YES_AGGRESSIVE;
				GCC_WARN_UNUSED_FUNCTION = YES;
				GCC_WARN_UNUSED_VARIABLE = YES;
				IPHONEOS_DEPLOYMENT_TARGET = 9.2;
				MTL_ENABLE_DEBUG_INFO = NO;
				SDKROOT = iphoneos;
				VALIDATE_PRODUCT = YES;
			};
			name = Release;
		};
		60E07A661CEFF74100CF9769 /* Debug */ = {
			isa = XCBuildConfiguration;
			buildSettings = {
				ASSETCATALOG_COMPILER_APPICON_NAME = AppIcon;
				INFOPLIST_FILE = SMGWB/Info.plist;
				LD_RUNPATH_SEARCH_PATHS = "$(inherited) @executable_path/Frameworks";
				PRODUCT_BUNDLE_IDENTIFIER = com.geduo.SMGWB;
				PRODUCT_NAME = "$(TARGET_NAME)";
			};
			name = Debug;
		};
		60E07A671CEFF74100CF9769 /* Release */ = {
			isa = XCBuildConfiguration;
			buildSettings = {
				ASSETCATALOG_COMPILER_APPICON_NAME = AppIcon;
				INFOPLIST_FILE = SMGWB/Info.plist;
				LD_RUNPATH_SEARCH_PATHS = "$(inherited) @executable_path/Frameworks";
				PRODUCT_BUNDLE_IDENTIFIER = com.geduo.SMGWB;
				PRODUCT_NAME = "$(TARGET_NAME)";
			};
			name = Release;
		};
		60E07A691CEFF74100CF9769 /* Debug */ = {
			isa = XCBuildConfiguration;
			buildSettings = {
				BUNDLE_LOADER = "$(TEST_HOST)";
				INFOPLIST_FILE = SMGWBTests/Info.plist;
				LD_RUNPATH_SEARCH_PATHS = "$(inherited) @executable_path/Frameworks @loader_path/Frameworks";
				PRODUCT_BUNDLE_IDENTIFIER = com.geduo.SMGWBTests;
				PRODUCT_NAME = "$(TARGET_NAME)";
				TEST_HOST = "$(BUILT_PRODUCTS_DIR)/SMGWB.app/SMGWB";
			};
			name = Debug;
		};
		60E07A6A1CEFF74100CF9769 /* Release */ = {
			isa = XCBuildConfiguration;
			buildSettings = {
				BUNDLE_LOADER = "$(TEST_HOST)";
				INFOPLIST_FILE = SMGWBTests/Info.plist;
				LD_RUNPATH_SEARCH_PATHS = "$(inherited) @executable_path/Frameworks @loader_path/Frameworks";
				PRODUCT_BUNDLE_IDENTIFIER = com.geduo.SMGWBTests;
				PRODUCT_NAME = "$(TARGET_NAME)";
				TEST_HOST = "$(BUILT_PRODUCTS_DIR)/SMGWB.app/SMGWB";
			};
			name = Release;
		};
		60E07A6C1CEFF74100CF9769 /* Debug */ = {
			isa = XCBuildConfiguration;
			buildSettings = {
				INFOPLIST_FILE = SMGWBUITests/Info.plist;
				LD_RUNPATH_SEARCH_PATHS = "$(inherited) @executable_path/Frameworks @loader_path/Frameworks";
				PRODUCT_BUNDLE_IDENTIFIER = com.geduo.SMGWBUITests;
				PRODUCT_NAME = "$(TARGET_NAME)";
				TEST_TARGET_NAME = SMGWB;
				USES_XCTRUNNER = YES;
			};
			name = Debug;
		};
		60E07A6D1CEFF74100CF9769 /* Release */ = {
			isa = XCBuildConfiguration;
			buildSettings = {
				INFOPLIST_FILE = SMGWBUITests/Info.plist;
				LD_RUNPATH_SEARCH_PATHS = "$(inherited) @executable_path/Frameworks @loader_path/Frameworks";
				PRODUCT_BUNDLE_IDENTIFIER = com.geduo.SMGWBUITests;
				PRODUCT_NAME = "$(TARGET_NAME)";
				TEST_TARGET_NAME = SMGWB;
				USES_XCTRUNNER = YES;
			};
			name = Release;
		};
/* End XCBuildConfiguration section */

/* Begin XCConfigurationList section */
		60E07A381CEFF74100CF9769 /* Build configuration list for PBXProject "SMGWB" */ = {
			isa = XCConfigurationList;
			buildConfigurations = (
				60E07A631CEFF74100CF9769 /* Debug */,
				60E07A641CEFF74100CF9769 /* Release */,
			);
			defaultConfigurationIsVisible = 0;
			defaultConfigurationName = Release;
		};
		60E07A651CEFF74100CF9769 /* Build configuration list for PBXNativeTarget "SMGWB" */ = {
			isa = XCConfigurationList;
			buildConfigurations = (
				60E07A661CEFF74100CF9769 /* Debug */,
				60E07A671CEFF74100CF9769 /* Release */,
			);
			defaultConfigurationIsVisible = 0;
		};
		60E07A681CEFF74100CF9769 /* Build configuration list for PBXNativeTarget "SMGWBTests" */ = {
			isa = XCConfigurationList;
			buildConfigurations = (
				60E07A691CEFF74100CF9769 /* Debug */,
				60E07A6A1CEFF74100CF9769 /* Release */,
			);
			defaultConfigurationIsVisible = 0;
		};
		60E07A6B1CEFF74100CF9769 /* Build configuration list for PBXNativeTarget "SMGWBUITests" */ = {
			isa = XCConfigurationList;
			buildConfigurations = (
				60E07A6C1CEFF74100CF9769 /* Debug */,
				60E07A6D1CEFF74100CF9769 /* Release */,
			);
			defaultConfigurationIsVisible = 0;
		};
/* End XCConfigurationList section */
	};
	rootObject = 60E07A351CEFF74100CF9769 /* Project object */;
}
